
Microsoft Visual Studio Solution File, Format Version 12.00
# Visual Studio Version 16
VisualStudioVersion = 16.0.32002.261
MinimumVisualStudioVersion = 10.0.40219.1
Project("{FAE04EC0-301F-11D3-BF4B-00C04F79EFBC}") = "ApıVersıonıngIntegratıon", "ApıVersıonıngIntegratıon\ApıVersıonıngIntegratıon.csproj", "{62143120-C50C-4203-B961-ECD00ABC9CFA}"
EndProject
Global
	GlobalSection(SolutionConfigurationPlatforms) = preSolution
		Debug|Any CPU = Debug|Any CPU
		Release|Any CPU = Release|Any CPU
	EndGlobalSection
	GlobalSection(ProjectConfigurationPlatforms) = postSolution
		{62143120-C50C-4203-B961-ECD00ABC9CFA}.Debug|Any CPU.ActiveCfg = Debug|Any CPU
		{62143120-C50C-4203-B961-ECD00ABC9CFA}.Debug|Any CPU.Build.0 = Debug|Any CPU
		{62143120-C50C-4203-B961-ECD00ABC9CFA}.Release|Any CPU.ActiveCfg = Release|Any CPU
		{62143120-C50C-4203-B961-ECD00ABC9CFA}.Release|Any CPU.Build.0 = Release|Any CPU
	EndGlobalSection
	GlobalSection(SolutionProperties) = preSolution
		HideSolutionNode = FALSE
	EndGlobalSection
	GlobalSection(ExtensibilityGlobals) = postSolution
		SolutionGuid = {FE7D434C-BF8C-42D6-A091-860CC89C9593}
	EndGlobalSection
EndGlobal
